
Microsoft Visual Studio Solution File, Format Version 12.00
# Visual Studio Version 17
VisualStudioVersion = 17.10.35122.118
MinimumVisualStudioVersion = 10.0.40219.1
Project("{FAE04EC0-301F-11D3-BF4B-00C04F79EFBC}") = "C#_Project_Management_System", "C#_Project_Management_System\C#_Project_Management_System.csproj", "{39C88212-4A3D-4093-8EBB-5B4D9AE53EE6}"
EndProject
Global
	GlobalSection(SolutionConfigurationPlatforms) = preSolution
		Debug|Any CPU = Debug|Any CPU
		Release|Any CPU = Release|Any CPU
	EndGlobalSection
	GlobalSection(ProjectConfigurationPlatforms) = postSolution
		{39C88212-4A3D-4093-8EBB-5B4D9AE53EE6}.Debug|Any CPU.ActiveCfg = Debug|Any CPU
		{39C88212-4A3D-4093-8EBB-5B4D9AE53EE6}.Debug|Any CPU.Build.0 = Debug|Any CPU
		{39C88212-4A3D-4093-8EBB-5B4D9AE53EE6}.Release|Any CPU.ActiveCfg = Release|Any CPU
		{39C88212-4A3D-4093-8EBB-5B4D9AE53EE6}.Release|Any CPU.Build.0 = Release|Any CPU
	EndGlobalSection
	GlobalSection(SolutionProperties) = preSolution
		HideSolutionNode = FALSE
	EndGlobalSection
	GlobalSection(ExtensibilityGlobals) = postSolution
		SolutionGuid = {EBC182D4-943A-45CA-BD55-AF9EB7E78E94}
	EndGlobalSection
EndGlobal
